
Microsoft Visual Studio Solution File, Format Version 12.00
# Visual Studio Version 16
VisualStudioVersion = 16.0.32106.194
MinimumVisualStudioVersion = 10.0.40219.1
Project("{8BC9CEB8-8B4A-11D0-8D11-00A0C91BC942}") = "p4.16", "p4.16\p4.16.vcxproj", "{665CF82D-DB9A-451F-A197-6C549EC3AE4D}"
EndProject
Global
	GlobalSection(SolutionConfigurationPlatforms) = preSolution
		Debug|x64 = Debug|x64
		Debug|x86 = Debug|x86
		Release|x64 = Release|x64
		Release|x86 = Release|x86
	EndGlobalSection
	GlobalSection(ProjectConfigurationPlatforms) = postSolution
		{665CF82D-DB9A-451F-A197-6C549EC3AE4D}.Debug|x64.ActiveCfg = Debug|x64
		{665CF82D-DB9A-451F-A197-6C549EC3AE4D}.Debug|x64.Build.0 = Debug|x64
		{665CF82D-DB9A-451F-A197-6C549EC3AE4D}.Debug|x86.ActiveCfg = Debug|Win32
		{665CF82D-DB9A-451F-A197-6C549EC3AE4D}.Debug|x86.Build.0 = Debug|Win32
		{665CF82D-DB9A-451F-A197-6C549EC3AE4D}.Release|x64.ActiveCfg = Release|x64
		{665CF82D-DB9A-451F-A197-6C549EC3AE4D}.Release|x64.Build.0 = Release|x64
		{665CF82D-DB9A-451F-A197-6C549EC3AE4D}.Release|x86.ActiveCfg = Release|Win32
		{665CF82D-DB9A-451F-A197-6C549EC3AE4D}.Release|x86.Build.0 = Release|Win32
	EndGlobalSection
	GlobalSection(SolutionProperties) = preSolution
		HideSolutionNode = FALSE
	EndGlobalSection
	GlobalSection(ExtensibilityGlobals) = postSolution
		SolutionGuid = {43C8824A-4700-4B5B-9C48-C6399B61568D}
	EndGlobalSection
EndGlobal
